
Microsoft Visual Studio Solution File, Format Version 12.00
# Visual Studio 15
VisualStudioVersion = 15.0.28010.2016
MinimumVisualStudioVersion = 10.0.40219.1
Project("{FAE04EC0-301F-11D3-BF4B-00C04F79EFBC}") = "ExemploDesignPatternBuilder", "ExemploDesignPatternBuilder\ExemploDesignPatternBuilder.csproj", "{F8F801D1-434A-408C-B106-5DCE573B4C86}"
EndProject
Project("{FAE04EC0-301F-11D3-BF4B-00C04F79EFBC}") = "ExemploDesignPatternAdapter", "ExemploDesignPatternAdapter\ExemploDesignPatternAdapter.csproj", "{7F8DE963-28FC-447B-A4BD-B51C66BCF551}"
EndProject
Global
	GlobalSection(SolutionConfigurationPlatforms) = preSolution
		Debug|Any CPU = Debug|Any CPU
		Release|Any CPU = Release|Any CPU
	EndGlobalSection
	GlobalSection(ProjectConfigurationPlatforms) = postSolution
		{F8F801D1-434A-408C-B106-5DCE573B4C86}.Debug|Any CPU.ActiveCfg = Debug|Any CPU
		{F8F801D1-434A-408C-B106-5DCE573B4C86}.Debug|Any CPU.Build.0 = Debug|Any CPU
		{F8F801D1-434A-408C-B106-5DCE573B4C86}.Release|Any CPU.ActiveCfg = Release|Any CPU
		{F8F801D1-434A-408C-B106-5DCE573B4C86}.Release|Any CPU.Build.0 = Release|Any CPU
		{7F8DE963-28FC-447B-A4BD-B51C66BCF551}.Debug|Any CPU.ActiveCfg = Debug|Any CPU
		{7F8DE963-28FC-447B-A4BD-B51C66BCF551}.Debug|Any CPU.Build.0 = Debug|Any CPU
		{7F8DE963-28FC-447B-A4BD-B51C66BCF551}.Release|Any CPU.ActiveCfg = Release|Any CPU
		{7F8DE963-28FC-447B-A4BD-B51C66BCF551}.Release|Any CPU.Build.0 = Release|Any CPU
	EndGlobalSection
	GlobalSection(SolutionProperties) = preSolution
		HideSolutionNode = FALSE
	EndGlobalSection
	GlobalSection(ExtensibilityGlobals) = postSolution
		SolutionGuid = {50D25145-F4D8-48C6-8E63-A5FE1A3B03FB}
	EndGlobalSection
EndGlobal
